// !$*UTF8*$!
{
	archiveVersion = 1;
	classes = {
	};
	objectVersion = 77;
	objects = {

/* Begin PBXContainerItemProxy section */
		88BBF7C82FC1A0D50024BCD7 /* PBXContainerItemProxy */ = {
			isa = PBXContainerItemProxy;
			containerPortal = 88BBF7B22FC1A0D50024BCD7 /* Project object */;
			proxyType = 1;
			remoteGlobalIDString = 88BBF7B92FC1A0D50024BCD7;
			remoteInfo = "Animation Transitions";
		};
		88BBF7D22FC1A0D50024BCD7 /* PBXContainerItemProxy */ = {
			isa = PBXContainerItemProxy;
			containerPortal = 88BBF7B22FC1A0D50024BCD7 /* Project object */;
			proxyType = 1;
			remoteGlobalIDString = 88BBF7B92FC1A0D50024BCD7;
			remoteInfo = "Animation Transitions";
		};
/* End PBXContainerItemProxy section */

/* Begin PBXFileReference section */
		88BBF7BA2FC1A0D50024BCD7 /* Animation Transitions.app */ = {isa = PBXFileReference; explicitFileType = wrapper.application; includeInIndex = 0; path = "Animation Transitions.app"; sourceTree = BUILT_PRODUCTS_DIR; };
		88BBF7C72FC1A0D50024BCD7 /* Animation TransitionsTests.xctest */ = {isa = PBXFileReference; explicitFileType = wrapper.cfbundle; includeInIndex = 0; path = "Animation TransitionsTests.xctest"; sourceTree = BUILT_PRODUCTS_DIR; };
		88BBF7D12FC1A0D50024BCD7 /* Animation TransitionsUITests.xctest */ = {isa = PBXFileReference; explicitFileType = wrapper.cfbundle; includeInIndex = 0; path = "Animation TransitionsUITests.xctest"; sourceTree = BUILT_PRODUCTS_DIR; };
/* End PBXFileReference section */

/* Begin PBXFileSystemSynchronizedRootGroup section */
		88BBF7BC2FC1A0D50024BCD7 /* Animation Transitions */ = {
			isa = PBXFileSystemSynchronizedRootGroup;
			path = "Animation Transitions";
			sourceTree = "<group>";
		};
		88BBF7CA2FC1A0D50024BCD7 /* Animation TransitionsTests */ = {
			isa = PBXFileSystemSynchronizedRootGroup;
			path = "Animation TransitionsTests";
			sourceTree = "<group>";
		};
		88BBF7D42FC1A0D50024BCD7 /* Animation TransitionsUITests */ = {
			isa = PBXFileSystemSynchronizedRootGroup;
			path = "Animation TransitionsUITests";
			sourceTree = "<group>";
		};
/* End PBXFileSystemSynchronizedRootGroup section */

/* Begin PBXFrameworksBuildPhase section */
		88BBF7B72FC1A0D50024BCD7 /* Frameworks */ = {
			isa = PBXFrameworksBuildPhase;
			buildActionMask = 2147483647;
			files = (
			);
			runOnlyForDeploymentPostprocessing = 0;
		};
		88BBF7C42FC1A0D50024BCD7 /* Frameworks */ = {
			isa = PBXFrameworksBuildPhase;
			buildActionMask = 2147483647;
			files = (
			);
			runOnlyForDeploymentPostprocessing = 0;
		};
		88BBF7CE2FC1A0D50024BCD7 /* Frameworks */ = {
			isa = PBXFrameworksBuildPhase;
			buildActionMask = 2147483647;
			files = (
			);
			runOnlyForDeploymentPostprocessing = 0;
		};
/* End PBXFrameworksBuildPhase section */

/* Begin PBXGroup section */
		88BBF7B12FC1A0D50024BCD7 = {
			isa = PBXGroup;
			children = (
				88BBF7BC2FC1A0D50024BCD7 /* Animation Transitions */,
				88BBF7CA2FC1A0D50024BCD7 /* Animation TransitionsTests */,
				88BBF7D42FC1A0D50024BCD7 /* Animation TransitionsUITests */,
				88BBF7BB2FC1A0D50024BCD7 /* Products */,
			);
			sourceTree = "<group>";
		};
		88BBF7BB2FC1A0D50024BCD7 /* Products */ = {
			isa = PBXGroup;
			children = (
				88BBF7BA2FC1A0D50024BCD7 /* Animation Transitions.app */,
				88BBF7C72FC1A0D50024BCD7 /* Animation TransitionsTests.xctest */,
				88BBF7D12FC1A0D50024BCD7 /* Animation TransitionsUITests.xctest */,
			);
			name = Products;
			sourceTree = "<group>";
		};
/* End PBXGroup section */

/* Begin PBXNativeTarget section */
		88BBF7B92FC1A0D50024BCD7 /* Animation Transitions */ = {
			isa = PBXNativeTarget;
			buildConfigurationList = 88BBF7DB2FC1A0D50024BCD7 /* Build configuration list for PBXNativeTarget "Animation Transitions" */;
			buildPhases = (
				88BBF7B62FC1A0D50024BCD7 /* Sources */,
				88BBF7B72FC1A0D50024BCD7 /* Frameworks */,
				88BBF7B82FC1A0D50024BCD7 /* Resources */,
			);
			buildRules = (
			);
			dependencies = (
			);
			fileSystemSynchronizedGroups = (
				88BBF7BC2FC1A0D50024BCD7 /* Animation Transitions */,
			);
			name = "Animation Transitions";
			packageProductDependencies = (
			);
			productName = "Animation Transitions";
			productReference = 88BBF7BA2FC1A0D50024BCD7 /* Animation Transitions.app */;
			productType = "com.apple.product-type.application";
		};
		88BBF7C62FC1A0D50024BCD7 /* Animation TransitionsTests */ = {
			isa = PBXNativeTarget;
			buildConfigurationList = 88BBF7DE2FC1A0D50024BCD7 /* Build configuration list for PBXNativeTarget "Animation TransitionsTests" */;
			buildPhases = (
				88BBF7C32FC1A0D50024BCD7 /* Sources */,
				88BBF7C42FC1A0D50024BCD7 /* Frameworks */,
				88BBF7C52FC1A0D50024BCD7 /* Resources */,
			);
			buildRules = (
			);
			dependencies = (
				88BBF7C92FC1A0D50024BCD7 /* PBXTargetDependency */,
			);
			fileSystemSynchronizedGroups = (
				88BBF7CA2FC1A0D50024BCD7 /* Animation TransitionsTests */,
			);
			name = "Animation TransitionsTests";
			packageProductDependencies = (
			);
			productName = "Animation TransitionsTests";
			productReference = 88BBF7C72FC1A0D50024BCD7 /* Animation TransitionsTests.xctest */;
			productType = "com.apple.product-type.bundle.unit-test";
		};
		88BBF7D02FC1A0D50024BCD7 /* Animation TransitionsUITests */ = {
			isa = PBXNativeTarget;
			buildConfigurationList = 88BBF7E12FC1A0D50024BCD7 /* Build configuration list for PBXNativeTarget "Animation TransitionsUITests" */;
			buildPhases = (
				88BBF7CD2FC1A0D50024BCD7 /* Sources */,
				88BBF7CE2FC1A0D50024BCD7 /* Frameworks */,
				88BBF7CF2FC1A0D50024BCD7 /* Resources */,
			);
			buildRules = (
			);
			dependencies = (
				88BBF7D32FC1A0D50024BCD7 /* PBXTargetDependency */,
			);
			fileSystemSynchronizedGroups = (
				88BBF7D42FC1A0D50024BCD7 /* Animation TransitionsUITests */,
			);
			name = "Animation TransitionsUITests";
			packageProductDependencies = (
			);
			productName = "Animation TransitionsUITests";
			productReference = 88BBF7D12FC1A0D50024BCD7 /* Animation TransitionsUITests.xctest */;
			productType = "com.apple.product-type.bundle.ui-testing";
		};
/* End PBXNativeTarget section */

/* Begin PBXProject section */
		88BBF7B22FC1A0D50024BCD7 /* Project object */ = {
			isa = PBXProject;
			attributes = {
				BuildIndependentTargetsInParallel = 1;
				LastSwiftUpdateCheck = 2650;
				LastUpgradeCheck = 2650;
				TargetAttributes = {
					88BBF7B92FC1A0D50024BCD7 = {
						CreatedOnToolsVersion = 26.5;
					};
					88BBF7C62FC1A0D50024BCD7 = {
						CreatedOnToolsVersion = 26.5;
						TestTargetID = 88BBF7B92FC1A0D50024BCD7;
					};
					88BBF7D02FC1A0D50024BCD7 = {
						CreatedOnToolsVersion = 26.5;
						TestTargetID = 88BBF7B92FC1A0D50024BCD7;
					};
				};
			};
			buildConfigurationList = 88BBF7B52FC1A0D50024BCD7 /* Build configuration list for PBXProject "Animation Transitions" */;
			developmentRegion = en;
			hasScannedForEncodings = 0;
			knownRegions = (
				en,
				Base,
			);
			mainGroup = 88BBF7B12FC1A0D50024BCD7;
			minimizedProjectReferenceProxies = 1;
			preferredProjectObjectVersion = 77;
			productRefGroup = 88BBF7BB2FC1A0D50024BCD7 /* Products */;
			projectDirPath = "";
			projectRoot = "";
			targets = (
				88BBF7B92FC1A0D50024BCD7 /* Animation Transitions */,
				88BBF7C62FC1A0D50024BCD7 /* Animation TransitionsTests */,
				88BBF7D02FC1A0D50024BCD7 /* Animation TransitionsUITests */,
			);
		};
/* End PBXProject section */

/* Begin PBXResourcesBuildPhase section */
		88BBF7B82FC1A0D50024BCD7 /* Resources */ = {
			isa = PBXResourcesBuildPhase;
			buildActionMask = 2147483647;
			files = (
			);
			runOnlyForDeploymentPostprocessing = 0;
		};
		88BBF7C52FC1A0D50024BCD7 /* Resources */ = {
			isa = PBXResourcesBuildPhase;
			buildActionMask = 2147483647;
			files = (
			);
			runOnlyForDeploymentPostprocessing = 0;
		};
		88BBF7CF2FC1A0D50024BCD7 /* Resources */ = {
			isa = PBXResourcesBuildPhase;
			buildActionMask = 2147483647;
			files = (
			);
			runOnlyForDeploymentPostprocessing = 0;
		};
/* End PBXResourcesBuildPhase section */

/* Begin PBXSourcesBuildPhase section */
		88BBF7B62FC1A0D50024BCD7 /* Sources */ = {
			isa = PBXSourcesBuildPhase;
			buildActionMask = 2147483647;
			files = (
			);
			runOnlyForDeploymentPostprocessing = 0;
		};
		88BBF7C32FC1A0D50024BCD7 /* Sources */ = {
			isa = PBXSourcesBuildPhase;
			buildActionMask = 2147483647;
			files = (
			);
			runOnlyForDeploymentPostprocessing = 0;
		};
		88BBF7CD2FC1A0D50024BCD7 /* Sources */ = {
			isa = PBXSourcesBuildPhase;
			buildActionMask = 2147483647;
			files = (
			);
			runOnlyForDeploymentPostprocessing = 0;
		};
/* End PBXSourcesBuildPhase section */

/* Begin PBXTargetDependency section */
		88BBF7C92FC1A0D50024BCD7 /* PBXTargetDependency */ = {
			isa = PBXTargetDependency;
			target = 88BBF7B92FC1A0D50024BCD7 /* Animation Transitions */;
			targetProxy = 88BBF7C82FC1A0D50024BCD7 /* PBXContainerItemProxy */;
		};
		88BBF7D32FC1A0D50024BCD7 /* PBXTargetDependency */ = {
			isa = PBXTargetDependency;
			target = 88BBF7B92FC1A0D50024BCD7 /* Animation Transitions */;
			targetProxy = 88BBF7D22FC1A0D50024BCD7 /* PBXContainerItemProxy */;
		};
/* End PBXTargetDependency section */

/* Begin XCBuildConfiguration section */
		88BBF7D92FC1A0D50024BCD7 /* Debug */ = {
			isa = XCBuildConfiguration;
			buildSettings = {
				ALWAYS_SEARCH_USER_PATHS = NO;
				ASSETCATALOG_COMPILER_GENERATE_SWIFT_ASSET_SYMBOL_EXTENSIONS = YES;
				CLANG_ANALYZER_NONNULL = YES;
				CLANG_ANALYZER_NUMBER_OBJECT_CONVERSION = YES_AGGRESSIVE;
				CLANG_CXX_LANGUAGE_STANDARD = "gnu++20";
				CLANG_ENABLE_MODULES = YES;
				CLANG_ENABLE_OBJC_ARC = YES;
				CLANG_ENABLE_OBJC_WEAK = YES;
				CLANG_WARN_BLOCK_CAPTURE_AUTORELEASING = YES;
				CLANG_WARN_BOOL_CONVERSION = YES;
				CLANG_WARN_COMMA = YES;
				CLANG_WARN_CONSTANT_CONVERSION = YES;
				CLANG_WARN_DEPRECATED_OBJC_IMPLEMENTATIONS = YES;
				CLANG_WARN_DIRECT_OBJC_ISA_USAGE = YES_ERROR;
				CLANG_WARN_DOCUMENTATION_COMMENTS = YES;
				CLANG_WARN_EMPTY_BODY = YES;
				CLANG_WARN_ENUM_CONVERSION = YES;
				CLANG_WARN_INFINITE_RECURSION = YES;
				CLANG_WARN_INT_CONVERSION = YES;
				CLANG_WARN_NON_LITERAL_NULL_CONVERSION = YES;
				CLANG_WARN_OBJC_IMPLICIT_RETAIN_SELF = YES;
				CLANG_WARN_OBJC_LITERAL_CONVERSION = YES;
				CLANG_WARN_OBJC_ROOT_CLASS = YES_ERROR;
				CLANG_WARN_QUOTED_INCLUDE_IN_FRAMEWORK_HEADER = YES;
				CLANG_WARN_RANGE_LOOP_ANALYSIS = YES;
				CLANG_WARN_STRICT_PROTOTYPES = YES;
				CLANG_WARN_SUSPICIOUS_MOVE = YES;
				CLANG_WARN_UNGUARDED_AVAILABILITY = YES_AGGRESSIVE;
				CLANG_WARN_UNREACHABLE_CODE = YES;
				CLANG_WARN__DUPLICATE_METHOD_MATCH = YES;
				COPY_PHASE_STRIP = NO;
				DEBUG_INFORMATION_FORMAT = dwarf;
				DEVELOPMENT_TEAM = CBBL976TY3;
				ENABLE_STRICT_OBJC_MSGSEND = YES;
				ENABLE_TESTABILITY = YES;
				ENABLE_USER_SCRIPT_SANDBOXING = YES;
				GCC_C_LANGUAGE_STANDARD = gnu17;
				GCC_DYNAMIC_NO_PIC = NO;
				GCC_NO_COMMON_BLOCKS = YES;
				GCC_OPTIMIZATION_LEVEL = 0;
				GCC_PREPROCESSOR_DEFINITIONS = (
					"DEBUG=1",
					"$(inherited)",
				);
				GCC_WARN_64_TO_32_BIT_CONVERSION = YES;
				GCC_WARN_ABOUT_RETURN_TYPE = YES_ERROR;
				GCC_WARN_UNDECLARED_SELECTOR = YES;
				GCC_WARN_UNINITIALIZED_AUTOS = YES_AGGRESSIVE;
				GCC_WARN_UNUSED_FUNCTION = YES;
				GCC_WARN_UNUSED_VARIABLE = YES;
				IPHONEOS_DEPLOYMENT_TARGET = 26.5;
				LOCALIZATION_PREFERS_STRING_CATALOGS = YES;
				MTL_ENABLE_DEBUG_INFO = INCLUDE_SOURCE;
				MTL_FAST_MATH = YES;
				ONLY_ACTIVE_ARCH = YES;
				SDKROOT = iphoneos;
				SWIFT_ACTIVE_COMPILATION_CONDITIONS = "DEBUG $(inherited)";
				SWIFT_OPTIMIZATION_LEVEL = "-Onone";
			};
			name = Debug;
		};
		88BBF7DA2FC1A0D50024BCD7 /* Release */ = {
			isa = XCBuildConfiguration;
			buildSettings = {
				ALWAYS_SEARCH_USER_PATHS = NO;
				ASSETCATALOG_COMPILER_GENERATE_SWIFT_ASSET_SYMBOL_EXTENSIONS = YES;
				CLANG_ANALYZER_NONNULL = YES;
				CLANG_ANALYZER_NUMBER_OBJECT_CONVERSION = YES_AGGRESSIVE;
				CLANG_CXX_LANGUAGE_STANDARD = "gnu++20";
				CLANG_ENABLE_MODULES = YES;
				CLANG_ENABLE_OBJC_ARC = YES;
				CLANG_ENABLE_OBJC_WEAK = YES;
				CLANG_WARN_BLOCK_CAPTURE_AUTORELEASING = YES;
				CLANG_WARN_BOOL_CONVERSION = YES;
				CLANG_WARN_COMMA = YES;
				CLANG_WARN_CONSTANT_CONVERSION = YES;
				CLANG_WARN_DEPRECATED_OBJC_IMPLEMENTATIONS = YES;
				CLANG_WARN_DIRECT_OBJC_ISA_USAGE = YES_ERROR;
				CLANG_WARN_DOCUMENTATION_COMMENTS = YES;
				CLANG_WARN_EMPTY_BODY = YES;
				CLANG_WARN_ENUM_CONVERSION = YES;
				CLANG_WARN_INFINITE_RECURSION = YES;
				CLANG_WARN_INT_CONVERSION = YES;
				CLANG_WARN_NON_LITERAL_NULL_CONVERSION = YES;
				CLANG_WARN_OBJC_IMPLICIT_RETAIN_SELF = YES;
				CLANG_WARN_OBJC_LITERAL_CONVERSION = YES;
				CLANG_WARN_OBJC_ROOT_CLASS = YES_ERROR;
				CLANG_WARN_QUOTED_INCLUDE_IN_FRAMEWORK_HEADER = YES;
				CLANG_WARN_RANGE_LOOP_ANALYSIS = YES;
				CLANG_WARN_STRICT_PROTOTYPES = YES;
				CLANG_WARN_SUSPICIOUS_MOVE = YES;
				CLANG_WARN_UNGUARDED_AVAILABILITY = YES_AGGRESSIVE;
				CLANG_WARN_UNREACHABLE_CODE = YES;
				CLANG_WARN__DUPLICATE_METHOD_MATCH = YES;
				COPY_PHASE_STRIP = NO;
				DEBUG_INFORMATION_FORMAT = "dwarf-with-dsym";
				DEVELOPMENT_TEAM = CBBL976TY3;
				ENABLE_NS_ASSERTIONS = NO;
				ENABLE_STRICT_OBJC_MSGSEND = YES;
				ENABLE_USER_SCRIPT_SANDBOXING = YES;
				GCC_C_LANGUAGE_STANDARD = gnu17;
				GCC_NO_COMMON_BLOCKS = YES;
				GCC_WARN_64_TO_32_BIT_CONVERSION = YES;
				GCC_WARN_ABOUT_RETURN_TYPE = YES_ERROR;
				GCC_WARN_UNDECLARED_SELECTOR = YES;
				GCC_WARN_UNINITIALIZED_AUTOS = YES_AGGRESSIVE;
				GCC_WARN_UNUSED_FUNCTION = YES;
				GCC_WARN_UNUSED_VARIABLE = YES;
				IPHONEOS_DEPLOYMENT_TARGET = 26.5;
				LOCALIZATION_PREFERS_STRING_CATALOGS = YES;
				MTL_ENABLE_DEBUG_INFO = NO;
				MTL_FAST_MATH = YES;
				SDKROOT = iphoneos;
				SWIFT_COMPILATION_MODE = wholemodule;
				VALIDATE_PRODUCT = YES;
			};
			name = Release;
		};
		88BBF7DC2FC1A0D50024BCD7 /* Debug */ = {
			isa = XCBuildConfiguration;
			buildSettings = {
				ASSETCATALOG_COMPILER_APPICON_NAME = AppIcon;
				ASSETCATALOG_COMPILER_GLOBAL_ACCENT_COLOR_NAME = AccentColor;
				CODE_SIGN_STYLE = Automatic;
				CURRENT_PROJECT_VERSION = 1;
				DEVELOPMENT_TEAM = CBBL976TY3;
				ENABLE_PREVIEWS = YES;
				GENERATE_INFOPLIST_FILE = YES;
				INFOPLIST_KEY_UIApplicationSceneManifest_Generation = YES;
				INFOPLIST_KEY_UIApplicationSupportsIndirectInputEvents = YES;
				INFOPLIST_KEY_UILaunchScreen_Generation = YES;
				INFOPLIST_KEY_UISupportedInterfaceOrientations_iPad = "UIInterfaceOrientationPortrait UIInterfaceOrientationPortraitUpsideDown UIInterfaceOrientationLandscapeLeft UIInterfaceOrientationLandscapeRight";
				INFOPLIST_KEY_UISupportedInterfaceOrientations_iPhone = "UIInterfaceOrientationPortrait UIInterfaceOrientationLandscapeLeft UIInterfaceOrientationLandscapeRight";
				LD_RUNPATH_SEARCH_PATHS = (
					"$(inherited)",
					"@executable_path/Frameworks",
				);
				MARKETING_VERSION = 1.0;
				PRODUCT_BUNDLE_IDENTIFIER = "Pratices-Swift.Animation-Transitions";
				PRODUCT_NAME = "$(TARGET_NAME)";
				STRING_CATALOG_GENERATE_SYMBOLS = YES;
				SWIFT_APPROACHABLE_CONCURRENCY = YES;
				SWIFT_DEFAULT_ACTOR_ISOLATION = MainActor;
				SWIFT_EMIT_LOC_STRINGS = YES;
				SWIFT_UPCOMING_FEATURE_MEMBER_IMPORT_VISIBILITY = YES;
				SWIFT_VERSION = 5.0;
				TARGETED_DEVICE_FAMILY = "1,2";
			};
			name = Debug;
		};
		88BBF7DD2FC1A0D50024BCD7 /* Release */ = {
			isa = XCBuildConfiguration;
			buildSettings = {
				ASSETCATALOG_COMPILER_APPICON_NAME = AppIcon;
				ASSETCATALOG_COMPILER_GLOBAL_ACCENT_COLOR_NAME = AccentColor;
				CODE_SIGN_STYLE = Automatic;
				CURRENT_PROJECT_VERSION = 1;
				DEVELOPMENT_TEAM = CBBL976TY3;
				ENABLE_PREVIEWS = YES;
				GENERATE_INFOPLIST_FILE = YES;
				INFOPLIST_KEY_UIApplicationSceneManifest_Generation = YES;
				INFOPLIST_KEY_UIApplicationSupportsIndirectInputEvents = YES;
				INFOPLIST_KEY_UILaunchScreen_Generation = YES;
				INFOPLIST_KEY_UISupportedInterfaceOrientations_iPad = "UIInterfaceOrientationPortrait UIInterfaceOrientationPortraitUpsideDown UIInterfaceOrientationLandscapeLeft UIInterfaceOrientationLandscapeRight";
				INFOPLIST_KEY_UISupportedInterfaceOrientations_iPhone = "UIInterfaceOrientationPortrait UIInterfaceOrientationLandscapeLeft UIInterfaceOrientationLandscapeRight";
				LD_RUNPATH_SEARCH_PATHS = (
					"$(inherited)",
					"@executable_path/Frameworks",
				);
				MARKETING_VERSION = 1.0;
				PRODUCT_BUNDLE_IDENTIFIER = "Pratices-Swift.Animation-Transitions";
				PRODUCT_NAME = "$(TARGET_NAME)";
				STRING_CATALOG_GENERATE_SYMBOLS = YES;
				SWIFT_APPROACHABLE_CONCURRENCY = YES;
				SWIFT_DEFAULT_ACTOR_ISOLATION = MainActor;
				SWIFT_EMIT_LOC_STRINGS = YES;
				SWIFT_UPCOMING_FEATURE_MEMBER_IMPORT_VISIBILITY = YES;
				SWIFT_VERSION = 5.0;
				TARGETED_DEVICE_FAMILY = "1,2";
			};
			name = Release;
		};
		88BBF7DF2FC1A0D50024BCD7 /* Debug */ = {
			isa = XCBuildConfiguration;
			buildSettings = {
				BUNDLE_LOADER = "$(TEST_HOST)";
				CODE_SIGN_STYLE = Automatic;
				CURRENT_PROJECT_VERSION = 1;
				DEVELOPMENT_TEAM = CBBL976TY3;
				GENERATE_INFOPLIST_FILE = YES;
				IPHONEOS_DEPLOYMENT_TARGET = 26.5;
				MARKETING_VERSION = 1.0;
				PRODUCT_BUNDLE_IDENTIFIER = "Pratices-Swift.Animation-TransitionsTests";
				PRODUCT_NAME = "$(TARGET_NAME)";
				STRING_CATALOG_GENERATE_SYMBOLS = NO;
				SWIFT_APPROACHABLE_CONCURRENCY = YES;
				SWIFT_EMIT_LOC_STRINGS = NO;
				SWIFT_UPCOMING_FEATURE_MEMBER_IMPORT_VISIBILITY = YES;
				SWIFT_VERSION = 5.0;
				TARGETED_DEVICE_FAMILY = "1,2";
				TEST_HOST = "$(BUILT_PRODUCTS_DIR)/Animation Transitions.app/$(BUNDLE_EXECUTABLE_FOLDER_PATH)/Animation Transitions";
			};
			name = Debug;
		};
		88BBF7E02FC1A0D50024BCD7 /* Release */ = {
			isa = XCBuildConfiguration;
			buildSettings = {
				BUNDLE_LOADER = "$(TEST_HOST)";
				CODE_SIGN_STYLE = Automatic;
				CURRENT_PROJECT_VERSION = 1;
				DEVELOPMENT_TEAM = CBBL976TY3;
				GENERATE_INFOPLIST_FILE = YES;
				IPHONEOS_DEPLOYMENT_TARGET = 26.5;
				MARKETING_VERSION = 1.0;
				PRODUCT_BUNDLE_IDENTIFIER = "Pratices-Swift.Animation-TransitionsTests";
				PRODUCT_NAME = "$(TARGET_NAME)";
				STRING_CATALOG_GENERATE_SYMBOLS = NO;
				SWIFT_APPROACHABLE_CONCURRENCY = YES;
				SWIFT_EMIT_LOC_STRINGS = NO;
				SWIFT_UPCOMING_FEATURE_MEMBER_IMPORT_VISIBILITY = YES;
				SWIFT_VERSION = 5.0;
				TARGETED_DEVICE_FAMILY = "1,2";
				TEST_HOST = "$(BUILT_PRODUCTS_DIR)/Animation Transitions.app/$(BUNDLE_EXECUTABLE_FOLDER_PATH)/Animation Transitions";
			};
			name = Release;
		};
		88BBF7E22FC1A0D50024BCD7 /* Debug */ = {
			isa = XCBuildConfiguration;
			buildSettings = {
				CODE_SIGN_STYLE = Automatic;
				CURRENT_PROJECT_VERSION = 1;
				DEVELOPMENT_TEAM = CBBL976TY3;
				GENERATE_INFOPLIST_FILE = YES;
				MARKETING_VERSION = 1.0;
				PRODUCT_BUNDLE_IDENTIFIER = "Pratices-Swift.Animation-TransitionsUITests";
				PRODUCT_NAME = "$(TARGET_NAME)";
				STRING_CATALOG_GENERATE_SYMBOLS = NO;
				SWIFT_APPROACHABLE_CONCURRENCY = YES;
				SWIFT_EMIT_LOC_STRINGS = NO;
				SWIFT_UPCOMING_FEATURE_MEMBER_IMPORT_VISIBILITY = YES;
				SWIFT_VERSION = 5.0;
				TARGETED_DEVICE_FAMILY = "1,2";
				TEST_TARGET_NAME = "Animation Transitions";
			};
			name = Debug;
		};
		88BBF7E32FC1A0D50024BCD7 /* Release */ = {
			isa = XCBuildConfiguration;
			buildSettings = {
				CODE_SIGN_STYLE = Automatic;
				CURRENT_PROJECT_VERSION = 1;
				DEVELOPMENT_TEAM = CBBL976TY3;
				GENERATE_INFOPLIST_FILE = YES;
				MARKETING_VERSION = 1.0;
				PRODUCT_BUNDLE_IDENTIFIER = "Pratices-Swift.Animation-TransitionsUITests";
				PRODUCT_NAME = "$(TARGET_NAME)";
				STRING_CATALOG_GENERATE_SYMBOLS = NO;
				SWIFT_APPROACHABLE_CONCURRENCY = YES;
				SWIFT_EMIT_LOC_STRINGS = NO;
				SWIFT_UPCOMING_FEATURE_MEMBER_IMPORT_VISIBILITY = YES;
				SWIFT_VERSION = 5.0;
				TARGETED_DEVICE_FAMILY = "1,2";
				TEST_TARGET_NAME = "Animation Transitions";
			};
			name = Release;
		};
/* End XCBuildConfiguration section */

/* Begin XCConfigurationList section */
		88BBF7B52FC1A0D50024BCD7 /* Build configuration list for PBXProject "Animation Transitions" */ = {
			isa = XCConfigurationList;
			buildConfigurations = (
				88BBF7D92FC1A0D50024BCD7 /* Debug */,
				88BBF7DA2FC1A0D50024BCD7 /* Release */,
			);
			defaultConfigurationIsVisible = 0;
			defaultConfigurationName = Release;
		};
		88BBF7DB2FC1A0D50024BCD7 /* Build configuration list for PBXNativeTarget "Animation Transitions" */ = {
			isa = XCConfigurationList;
			buildConfigurations = (
				88BBF7DC2FC1A0D50024BCD7 /* Debug */,
				88BBF7DD2FC1A0D50024BCD7 /* Release */,
			);
			defaultConfigurationIsVisible = 0;
			defaultConfigurationName = Release;
		};
		88BBF7DE2FC1A0D50024BCD7 /* Build configuration list for PBXNativeTarget "Animation TransitionsTests" */ = {
			isa = XCConfigurationList;
			buildConfigurations = (
				88BBF7DF2FC1A0D50024BCD7 /* Debug */,
				88BBF7E02FC1A0D50024BCD7 /* Release */,
			);
			defaultConfigurationIsVisible = 0;
			defaultConfigurationName = Release;
		};
		88BBF7E12FC1A0D50024BCD7 /* Build configuration list for PBXNativeTarget "Animation TransitionsUITests" */ = {
			isa = XCConfigurationList;
			buildConfigurations = (
				88BBF7E22FC1A0D50024BCD7 /* Debug */,
				88BBF7E32FC1A0D50024BCD7 /* Release */,
			);
			defaultConfigurationIsVisible = 0;
			defaultConfigurationName = Release;
		};
/* End XCConfigurationList section */
	};
	rootObject = 88BBF7B22FC1A0D50024BCD7 /* Project object */;
}
